// !$*UTF8*$!
{
	archiveVersion = 1;
	classes = {
	};
	objectVersion = 50;
	objects = {

/* Begin PBXBuildFile section */
		07100DFA21F6CD6000C91159 /* AppDelegate.swift in Sources */ = {isa = PBXBuildFile; fileRef = 07100DF921F6CD6000C91159 /* AppDelegate.swift */; };
		07100DFC21F6CD6000C91159 /* art.scnassets in Resources */ = {isa = PBXBuildFile; fileRef = 07100DFB21F6CD6000C91159 /* art.scnassets */; };
		07100DFE21F6CD6000C91159 /* RampPlacerVC.swift in Sources */ = {isa = PBXBuildFile; fileRef = 07100DFD21F6CD6000C91159 /* RampPlacerVC.swift */; };
		07100E0121F6CD6000C91159 /* Main.storyboard in Resources */ = {isa = PBXBuildFile; fileRef = 07100DFF21F6CD6000C91159 /* Main.storyboard */; };
		07100E0321F6CD6100C91159 /* Assets.xcassets in Resources */ = {isa = PBXBuildFile; fileRef = 07100E0221F6CD6100C91159 /* Assets.xcassets */; };
		07100E0621F6CD6100C91159 /* LaunchScreen.storyboard in Resources */ = {isa = PBXBuildFile; fileRef = 07100E0421F6CD6100C91159 /* LaunchScreen.storyboard */; };
		071D12D221F6DB2700651721 /* RampPickerVC.swift in Sources */ = {isa = PBXBuildFile; fileRef = 071D12D121F6DB2700651721 /* RampPickerVC.swift */; };
		071D12D721F6FDE400651721 /* Ramp.swift in Sources */ = {isa = PBXBuildFile; fileRef = 071D12D621F6FDE400651721 /* Ramp.swift */; };
/* End PBXBuildFile section */

/* Begin PBXFileReference section */
		07100DF621F6CD6000C91159 /* RampUp.app */ = {isa = PBXFileReference; explicitFileType = wrapper.application; includeInIndex = 0; path = RampUp.app; sourceTree = BUILT_PRODUCTS_DIR; };
		07100DF921F6CD6000C91159 /* AppDelegate.swift */ = {isa = PBXFileReference; lastKnownFileType = sourcecode.swift; path = AppDelegate.swift; sourceTree = "<group>"; };
		07100DFB21F6CD6000C91159 /* art.scnassets */ = {isa = PBXFileReference; lastKnownFileType = wrapper.scnassets; path = art.scnassets; sourceTree = "<group>"; };
		07100DFD21F6CD6000C91159 /* RampPlacerVC.swift */ = {isa = PBXFileReference; lastKnownFileType = sourcecode.swift; path = RampPlacerVC.swift; sourceTree = "<group>"; };
		07100E0021F6CD6000C91159 /* Base */ = {isa = PBXFileReference; lastKnownFileType = file.storyboard; name = Base; path = Base.lproj/Main.storyboard; sourceTree = "<group>"; };
		07100E0221F6CD6100C91159 /* Assets.xcassets */ = {isa = PBXFileReference; lastKnownFileType = folder.assetcatalog; path = Assets.xcassets; sourceTree = "<group>"; };
		07100E0521F6CD6100C91159 /* Base */ = {isa = PBXFileReference; lastKnownFileType = file.storyboard; name = Base; path = Base.lproj/LaunchScreen.storyboard; sourceTree = "<group>"; };
		07100E0721F6CD6100C91159 /* Info.plist */ = {isa = PBXFileReference; lastKnownFileType = text.plist.xml; path = Info.plist; sourceTree = "<group>"; };
		071D12D121F6DB2700651721 /* RampPickerVC.swift */ = {isa = PBXFileReference; lastKnownFileType = sourcecode.swift; path = RampPickerVC.swift; sourceTree = "<group>"; };
		071D12D621F6FDE400651721 /* Ramp.swift */ = {isa = PBXFileReference; lastKnownFileType = sourcecode.swift; path = Ramp.swift; sourceTree = "<group>"; };
/* End PBXFileReference section */

/* Begin PBXFrameworksBuildPhase section */
		07100DF321F6CD6000C91159 /* Frameworks */ = {
			isa = PBXFrameworksBuildPhase;
			buildActionMask = 2147483647;
			files = (
			);
			runOnlyForDeploymentPostprocessing = 0;
		};
/* End PBXFrameworksBuildPhase section */

/* Begin PBXGroup section */
		07100DED21F6CD6000C91159 = {
			isa = PBXGroup;
			children = (
				07100DF821F6CD6000C91159 /* RampUp */,
				07100DF721F6CD6000C91159 /* Products */,
			);
			sourceTree = "<group>";
		};
		07100DF721F6CD6000C91159 /* Products */ = {
			isa = PBXGroup;
			children = (
				07100DF621F6CD6000C91159 /* RampUp.app */,
			);
			name = Products;
			sourceTree = "<group>";
		};
		07100DF821F6CD6000C91159 /* RampUp */ = {
			isa = PBXGroup;
			children = (
				071D12D521F6FDCE00651721 /* Model */,
				07100E0D21F6CFB000C91159 /* Controller */,
				07100DF921F6CD6000C91159 /* AppDelegate.swift */,
				07100DFB21F6CD6000C91159 /* art.scnassets */,
				07100DFF21F6CD6000C91159 /* Main.storyboard */,
				07100E0221F6CD6100C91159 /* Assets.xcassets */,
				07100E0421F6CD6100C91159 /* LaunchScreen.storyboard */,
				07100E0721F6CD6100C91159 /* Info.plist */,
			);
			path = RampUp;
			sourceTree = "<group>";
		};
		07100E0D21F6CFB000C91159 /* Controller */ = {
			isa = PBXGroup;
			children = (
				07100DFD21F6CD6000C91159 /* RampPlacerVC.swift */,
				071D12D121F6DB2700651721 /* RampPickerVC.swift */,
			);
			path = Controller;
			sourceTree = "<group>";
		};
		071D12D521F6FDCE00651721 /* Model */ = {
			isa = PBXGroup;
			children = (
				071D12D621F6FDE400651721 /* Ramp.swift */,
			);
			path = Model;
			sourceTree = "<group>";
		};
/* End PBXGroup section */

/* Begin PBXNativeTarget section */
		07100DF521F6CD6000C91159 /* RampUp */ = {
			isa = PBXNativeTarget;
			buildConfigurationList = 07100E0A21F6CD6100C91159 /* Build configuration list for PBXNativeTarget "RampUp" */;
			buildPhases = (
				07100DF221F6CD6000C91159 /* Sources */,
				07100DF321F6CD6000C91159 /* Frameworks */,
				07100DF421F6CD6000C91159 /* Resources */,
			);
			buildRules = (
			);
			dependencies = (
			);
			name = RampUp;
			productName = RampUp;
			productReference = 07100DF621F6CD6000C91159 /* RampUp.app */;
			productType = "com.apple.product-type.application";
		};
/* End PBXNativeTarget section */

/* Begin PBXProject section */
		07100DEE21F6CD6000C91159 /* Project object */ = {
			isa = PBXProject;
			attributes = {
				LastSwiftUpdateCheck = 0940;
				LastUpgradeCheck = 0940;
				ORGANIZATIONNAME = "Jeffrey Umandap";
				TargetAttributes = {
					07100DF521F6CD6000C91159 = {
						CreatedOnToolsVersion = 9.4.1;
					};
				};
			};
			buildConfigurationList = 07100DF121F6CD6000C91159 /* Build configuration list for PBXProject "RampUp" */;
			compatibilityVersion = "Xcode 9.3";
			developmentRegion = en;
			hasScannedForEncodings = 0;
			knownRegions = (
				en,
				Base,
			);
			mainGroup = 07100DED21F6CD6000C91159;
			productRefGroup = 07100DF721F6CD6000C91159 /* Products */;
			projectDirPath = "";
			projectRoot = "";
			targets = (
				07100DF521F6CD6000C91159 /* RampUp */,
			);
		};
/* End PBXProject section */

/* Begin PBXResourcesBuildPhase section */
		07100DF421F6CD6000C91159 /* Resources */ = {
			isa = PBXResourcesBuildPhase;
			buildActionMask = 2147483647;
			files = (
				07100DFC21F6CD6000C91159 /* art.scnassets in Resources */,
				07100E0621F6CD6100C91159 /* LaunchScreen.storyboard in Resources */,
				07100E0321F6CD6100C91159 /* Assets.xcassets in Resources */,
				07100E0121F6CD6000C91159 /* Main.storyboard in Resources */,
			);
			runOnlyForDeploymentPostprocessing = 0;
		};
/* End PBXResourcesBuildPhase section */

/* Begin PBXSourcesBuildPhase section */
		07100DF221F6CD6000C91159 /* Sources */ = {
			isa = PBXSourcesBuildPhase;
			buildActionMask = 2147483647;
			files = (
				07100DFE21F6CD6000C91159 /* RampPlacerVC.swift in Sources */,
				071D12D721F6FDE400651721 /* Ramp.swift in Sources */,
				071D12D221F6DB2700651721 /* RampPickerVC.swift in Sources */,
				07100DFA21F6CD6000C91159 /* AppDelegate.swift in Sources */,
			);
			runOnlyForDeploymentPostprocessing = 0;
		};
/* End PBXSourcesBuildPhase section */

/* Begin PBXVariantGroup section */
		07100DFF21F6CD6000C91159 /* Main.storyboard */ = {
			isa = PBXVariantGroup;
			children = (
				07100E0021F6CD6000C91159 /* Base */,
			);
			name = Main.storyboard;
			sourceTree = "<group>";
		};
		07100E0421F6CD6100C91159 /* LaunchScreen.storyboard */ = {
			isa = PBXVariantGroup;
			children = (
				07100E0521F6CD6100C91159 /* Base */,
			);
			name = LaunchScreen.storyboard;
			sourceTree = "<group>";
		};
/* End PBXVariantGroup section */

/* Begin XCBuildConfiguration section */
		07100E0821F6CD6100C91159 /* Debug */ = {
			isa = XCBuildConfiguration;
			buildSettings = {
				ALWAYS_SEARCH_USER_PATHS = NO;
				CLANG_ANALYZER_NONNULL = YES;
				CLANG_ANALYZER_NUMBER_OBJECT_CONVERSION = YES_AGGRESSIVE;
				CLANG_CXX_LANGUAGE_STANDARD = "gnu++14";
				CLANG_CXX_LIBRARY = "libc++";
				CLANG_ENABLE_MODULES = YES;
				CLANG_ENABLE_OBJC_ARC = YES;
				CLANG_ENABLE_OBJC_WEAK = YES;
				CLANG_WARN_BLOCK_CAPTURE_AUTORELEASING = YES;
				CLANG_WARN_BOOL_CONVERSION = YES;
				CLANG_WARN_COMMA = YES;
				CLANG_WARN_CONSTANT_CONVERSION = YES;
				CLANG_WARN_DEPRECATED_OBJC_IMPLEMENTATIONS = YES;
				CLANG_WARN_DIRECT_OBJC_ISA_USAGE = YES_ERROR;
				CLANG_WARN_DOCUMENTATION_COMMENTS = YES;
				CLANG_WARN_EMPTY_BODY = YES;
				CLANG_WARN_ENUM_CONVERSION = YES;
				CLANG_WARN_INFINITE_RECURSION = YES;
				CLANG_WARN_INT_CONVERSION = YES;
				CLANG_WARN_NON_LITERAL_NULL_CONVERSION = YES;
				CLANG_WARN_OBJC_IMPLICIT_RETAIN_SELF = YES;
				CLANG_WARN_OBJC_LITERAL_CONVERSION = YES;
				CLANG_WARN_OBJC_ROOT_CLASS = YES_ERROR;
				CLANG_WARN_RANGE_LOOP_ANALYSIS = YES;
				CLANG_WARN_STRICT_PROTOTYPES = YES;
				CLANG_WARN_SUSPICIOUS_MOVE = YES;
				CLANG_WARN_UNGUARDED_AVAILABILITY = YES_AGGRESSIVE;
				CLANG_WARN_UNREACHABLE_CODE = YES;
				CLANG_WARN__DUPLICATE_METHOD_MATCH = YES;
				CODE_SIGN_IDENTITY = "iPhone Developer";
				COPY_PHASE_STRIP = NO;
				DEBUG_INFORMATION_FORMAT = dwarf;
				ENABLE_STRICT_OBJC_MSGSEND = YES;
				ENABLE_TESTABILITY = YES;
				GCC_C_LANGUAGE_STANDARD = gnu11;
				GCC_DYNAMIC_NO_PIC = NO;
				GCC_NO_COMMON_BLOCKS = YES;
				GCC_OPTIMIZATION_LEVEL = 0;
				GCC_PREPROCESSOR_DEFINITIONS = (
					"DEBUG=1",
					"$(inherited)",
				);
				GCC_WARN_64_TO_32_BIT_CONVERSION = YES;
				GCC_WARN_ABOUT_RETURN_TYPE = YES_ERROR;
				GCC_WARN_UNDECLARED_SELECTOR = YES;
				GCC_WARN_UNINITIALIZED_AUTOS = YES_AGGRESSIVE;
				GCC_WARN_UNUSED_FUNCTION = YES;
				GCC_WARN_UNUSED_VARIABLE = YES;
				IPHONEOS_DEPLOYMENT_TARGET = 11.4;
				MTL_ENABLE_DEBUG_INFO = YES;
				ONLY_ACTIVE_ARCH = YES;
				SDKROOT = iphoneos;
				SWIFT_ACTIVE_COMPILATION_CONDITIONS = DEBUG;
				SWIFT_OPTIMIZATION_LEVEL = "-Onone";
			};
			name = Debug;
		};
		07100E0921F6CD6100C91159 /* Release */ = {
			isa = XCBuildConfiguration;
			buildSettings = {
				ALWAYS_SEARCH_USER_PATHS = NO;
				CLANG_ANALYZER_NONNULL = YES;
				CLANG_ANALYZER_NUMBER_OBJECT_CONVERSION = YES_AGGRESSIVE;
				CLANG_CXX_LANGUAGE_STANDARD = "gnu++14";
				CLANG_CXX_LIBRARY = "libc++";
				CLANG_ENABLE_MODULES = YES;
				CLANG_ENABLE_OBJC_ARC = YES;
				CLANG_ENABLE_OBJC_WEAK = YES;
				CLANG_WARN_BLOCK_CAPTURE_AUTORELEASING = YES;
				CLANG_WARN_BOOL_CONVERSION = YES;
				CLANG_WARN_COMMA = YES;
				CLANG_WARN_CONSTANT_CONVERSION = YES;
				CLANG_WARN_DEPRECATED_OBJC_IMPLEMENTATIONS = YES;
				CLANG_WARN_DIRECT_OBJC_ISA_USAGE = YES_ERROR;
				CLANG_WARN_DOCUMENTATION_COMMENTS = YES;
				CLANG_WARN_EMPTY_BODY = YES;
				CLANG_WARN_ENUM_CONVERSION = YES;
				CLANG_WARN_INFINITE_RECURSION = YES;
				CLANG_WARN_INT_CONVERSION = YES;
				CLANG_WARN_NON_LITERAL_NULL_CONVERSION = YES;
				CLANG_WARN_OBJC_IMPLICIT_RETAIN_SELF = YES;
				CLANG_WARN_OBJC_LITERAL_CONVERSION = YES;
				CLANG_WARN_OBJC_ROOT_CLASS = YES_ERROR;
				CLANG_WARN_RANGE_LOOP_ANALYSIS = YES;
				CLANG_WARN_STRICT_PROTOTYPES = YES;
				CLANG_WARN_SUSPICIOUS_MOVE = YES;
				CLANG_WARN_UNGUARDED_AVAILABILITY = YES_AGGRESSIVE;
				CLANG_WARN_UNREACHABLE_CODE = YES;
				CLANG_WARN__DUPLICATE_METHOD_MATCH = YES;
				CODE_SIGN_IDENTITY = "iPhone Developer";
				COPY_PHASE_STRIP = NO;
				DEBUG_INFORMATION_FORMAT = "dwarf-with-dsym";
				ENABLE_NS_ASSERTIONS = NO;
				ENABLE_STRICT_OBJC_MSGSEND = YES;
				GCC_C_LANGUAGE_STANDARD = gnu11;
				GCC_NO_COMMON_BLOCKS = YES;
				GCC_WARN_64_TO_32_BIT_CONVERSION = YES;
				GCC_WARN_ABOUT_RETURN_TYPE = YES_ERROR;
				GCC_WARN_UNDECLARED_SELECTOR = YES;
				GCC_WARN_UNINITIALIZED_AUTOS = YES_AGGRESSIVE;
				GCC_WARN_UNUSED_FUNCTION = YES;
				GCC_WARN_UNUSED_VARIABLE = YES;
				IPHONEOS_DEPLOYMENT_TARGET = 11.4;
				MTL_ENABLE_DEBUG_INFO = NO;
				SDKROOT = iphoneos;
				SWIFT_COMPILATION_MODE = wholemodule;
				SWIFT_OPTIMIZATION_LEVEL = "-O";
				VALIDATE_PRODUCT = YES;
			};
			name = Release;
		};
		07100E0B21F6CD6100C91159 /* Debug */ = {
			isa = XCBuildConfiguration;
			buildSettings = {
				ASSETCATALOG_COMPILER_APPICON_NAME = AppIcon;
				CODE_SIGN_STYLE = Automatic;
				DEVELOPMENT_TEAM = 7AG6G2N4Y4;
				INFOPLIST_FILE = RampUp/Info.plist;
				LD_RUNPATH_SEARCH_PATHS = (
					"$(inherited)",
					"@executable_path/Frameworks",
				);
				PRODUCT_BUNDLE_IDENTIFIER = com.jumandap.RampUp;
				PRODUCT_NAME = "$(TARGET_NAME)";
				SWIFT_VERSION = 4.0;
				TARGETED_DEVICE_FAMILY = "1,2";
			};
			name = Debug;
		};
		07100E0C21F6CD6100C91159 /* Release */ = {
			isa = XCBuildConfiguration;
			buildSettings = {
				ASSETCATALOG_COMPILER_APPICON_NAME = AppIcon;
				CODE_SIGN_STYLE = Automatic;
				DEVELOPMENT_TEAM = 7AG6G2N4Y4;
				INFOPLIST_FILE = RampUp/Info.plist;
				LD_RUNPATH_SEARCH_PATHS = (
					"$(inherited)",
					"@executable_path/Frameworks",
				);
				PRODUCT_BUNDLE_IDENTIFIER = com.jumandap.RampUp;
				PRODUCT_NAME = "$(TARGET_NAME)";
				SWIFT_VERSION = 4.0;
				TARGETED_DEVICE_FAMILY = "1,2";
			};
			name = Release;
		};
/* End XCBuildConfiguration section */

/* Begin XCConfigurationList section */
		07100DF121F6CD6000C91159 /* Build configuration list for PBXProject "RampUp" */ = {
			isa = XCConfigurationList;
			buildConfigurations = (
				07100E0821F6CD6100C91159 /* Debug */,
				07100E0921F6CD6100C91159 /* Release */,
			);
			defaultConfigurationIsVisible = 0;
			defaultConfigurationName = Release;
		};
		07100E0A21F6CD6100C91159 /* Build configuration list for PBXNativeTarget "RampUp" */ = {
			isa = XCConfigurationList;
			buildConfigurations = (
				07100E0B21F6CD6100C91159 /* Debug */,
				07100E0C21F6CD6100C91159 /* Release */,
			);
			defaultConfigurationIsVisible = 0;
			defaultConfigurationName = Release;
		};
/* End XCConfigurationList section */
	};
	rootObject = 07100DEE21F6CD6000C91159 /* Project object */;
}
